
Microsoft Visual Studio Solution File, Format Version 12.00
# Visual Studio Version 16
VisualStudioVersion = 16.0.30804.86
MinimumVisualStudioVersion = 10.0.40219.1
Project("{FAE04EC0-301F-11D3-BF4B-00C04F79EFBC}") = "Lab.GoogleCloudPubSub.WebApi", "Lab.GoogleCloudPubSub.WebApi\Lab.GoogleCloudPubSub.WebApi.csproj", "{4451C628-1EEC-48A4-AF98-8E6C275EAA99}"
EndProject
Global
	GlobalSection(SolutionConfigurationPlatforms) = preSolution
		Debug|Any CPU = Debug|Any CPU
		Release|Any CPU = Release|Any CPU
	EndGlobalSection
	GlobalSection(ProjectConfigurationPlatforms) = postSolution
		{4451C628-1EEC-48A4-AF98-8E6C275EAA99}.Debug|Any CPU.ActiveCfg = Debug|Any CPU
		{4451C628-1EEC-48A4-AF98-8E6C275EAA99}.Debug|Any CPU.Build.0 = Debug|Any CPU
		{4451C628-1EEC-48A4-AF98-8E6C275EAA99}.Release|Any CPU.ActiveCfg = Release|Any CPU
		{4451C628-1EEC-48A4-AF98-8E6C275EAA99}.Release|Any CPU.Build.0 = Release|Any CPU
	EndGlobalSection
	GlobalSection(SolutionProperties) = preSolution
		HideSolutionNode = FALSE
	EndGlobalSection
	GlobalSection(ExtensibilityGlobals) = postSolution
		SolutionGuid = {C1FDDC1A-E3B0-45BD-B246-8CF5ACAF7D91}
	EndGlobalSection
EndGlobal
